
Microsoft Visual Studio Solution File, Format Version 12.00
# Visual Studio Version 17
VisualStudioVersion = 17.0.31912.275
MinimumVisualStudioVersion = 10.0.40219.1
Project("{FAE04EC0-301F-11D3-BF4B-00C04F79EFBC}") = "GlobalizationAndLocalization", "GlobalizationAndLocalization\GlobalizationAndLocalization.csproj", "{591E0658-6648-4ABA-B5A4-80B2C389D9F6}"
EndProject
Global
	GlobalSection(SolutionConfigurationPlatforms) = preSolution
		Debug|Any CPU = Debug|Any CPU
		Release|Any CPU = Release|Any CPU
	EndGlobalSection
	GlobalSection(ProjectConfigurationPlatforms) = postSolution
		{591E0658-6648-4ABA-B5A4-80B2C389D9F6}.Debug|Any CPU.ActiveCfg = Debug|Any CPU
		{591E0658-6648-4ABA-B5A4-80B2C389D9F6}.Debug|Any CPU.Build.0 = Debug|Any CPU
		{591E0658-6648-4ABA-B5A4-80B2C389D9F6}.Release|Any CPU.ActiveCfg = Release|Any CPU
		{591E0658-6648-4ABA-B5A4-80B2C389D9F6}.Release|Any CPU.Build.0 = Release|Any CPU
	EndGlobalSection
	GlobalSection(SolutionProperties) = preSolution
		HideSolutionNode = FALSE
	EndGlobalSection
	GlobalSection(ExtensibilityGlobals) = postSolution
		SolutionGuid = {DFEAA7B3-F136-4468-8D55-4B0F82E1E124}
	EndGlobalSection
EndGlobal
